<?xml version="1.0" encoding="utf-8"?>
<Project ToolsVersion="4.0" xmlns="http://schemas.microsoft.com/developer/msbuild/2003">
  <ItemGroup>
    <Filter Include="源文件">
      <UniqueIdentifier>{4FC737F1-C7A5-4376-A066-2A32D752A2FF}</UniqueIdentifier>
      <Extensions>cpp;c;cc;cxx;def;odl;idl;hpj;bat;asm;asmx</Extensions>
    </Filter>
    <Filter Include="头文件">
      <UniqueIdentifier>{93995380-89BD-4b04-88EB-625FBE52EBFB}</UniqueIdentifier>
      <Extensions>h;hh;hpp;hxx;hm;inl;inc;ipp;xsd</Extensions>
    </Filter>
    <Filter Include="资源文件">
      <UniqueIdentifier>{67DA6AB6-F800-4c08-8B7A-83BB121AAD01}</UniqueIdentifier>
      <Extensions>rc;ico;cur;bmp;dlg;rc2;rct;bin;rgs;gif;jpg;jpeg;jpe;resx;tiff;tif;png;wav;mfcribbon-ms</Extensions>
    </Filter>
  </ItemGroup>
  <ItemGroup>
    <ClInclude Include="..\..\src\main\internal\can\info.h">
      <Filter>头文件</Filter>
    </ClInclude>
    <ClInclude Include="..\..\src\main\internal\can\pack.h">
      <Filter>头文件</Filter>
    </ClInclude>
    <ClInclude Include="..\..\src\main\internal\can\parse_engine.hh">
      <Filter>头文件</Filter>
    </ClInclude>
    <ClInclude Include="..\..\src\main\internal\can\parser.hh">
      <Filter>头文件</Filter>
    </ClInclude>
    <ClInclude Include="..\..\src\main\internal\control_model\chassis_config_t.h">
      <Filter>头文件</Filter>
    </ClInclude>
    <ClInclude Include="..\..\src\main\internal\control_model\model.h">
      <Filter>头文件</Filter>
    </ClInclude>
    <ClInclude Include="..\..\src\main\internal\control_model\motor_map.h">
      <Filter>头文件</Filter>
    </ClInclude>
    <ClInclude Include="..\..\src\main\internal\serial\serial.h">
      <Filter>头文件</Filter>
    </ClInclude>
    <ClInclude Include="..\..\src\main\internal\serial\unix.h">
      <Filter>头文件</Filter>
    </ClInclude>
    <ClInclude Include="..\..\src\main\internal\serial\v8stdint.h">
      <Filter>头文件</Filter>
    </ClInclude>
    <ClInclude Include="..\..\src\main\internal\serial\win.h">
      <Filter>头文件</Filter>
    </ClInclude>
    <ClInclude Include="..\..\src\main\internal\can_define.h">
      <Filter>头文件</Filter>
    </ClInclude>
    <ClInclude Include="..\..\src\main\internal\chassis.hh">
      <Filter>头文件</Filter>
    </ClInclude>
    <ClInclude Include="..\..\src\main\internal\odometry_t.hh">
      <Filter>头文件</Filter>
    </ClInclude>
    <ClInclude Include="..\..\src\main\internal\rudder_controller.hh">
      <Filter>头文件</Filter>
    </ClInclude>
    <ClInclude Include="..\..\src\main\internal\serial_extension.h">
      <Filter>头文件</Filter>
    </ClInclude>
    <ClInclude Include="..\..\src\main\internal\time_extensions.h">
      <Filter>头文件</Filter>
    </ClInclude>
    <ClInclude Include="..\..\src\main\pm1_sdk.h">
      <Filter>头文件</Filter>
    </ClInclude>
  </ItemGroup>
  <ItemGroup>
    <ClCompile Include="..\..\src\main\internal\can\pack.cpp">
      <Filter>源文件</Filter>
    </ClCompile>
    <ClCompile Include="..\..\src\main\internal\can\parse_engine.cc">
      <Filter>源文件</Filter>
    </ClCompile>
    <ClCompile Include="..\..\src\main\internal\can\parser.cc">
      <Filter>源文件</Filter>
    </ClCompile>
    <ClCompile Include="..\..\src\main\internal\control_model\model.c">
      <Filter>源文件</Filter>
    </ClCompile>
    <ClCompile Include="..\..\src\main\internal\serial\list_ports\list_ports_linux.cc">
      <Filter>源文件</Filter>
    </ClCompile>
    <ClCompile Include="..\..\src\main\internal\serial\list_ports\list_ports_osx.cc">
      <Filter>源文件</Filter>
    </ClCompile>
    <ClCompile Include="..\..\src\main\internal\serial\list_ports\list_ports_win.cc">
      <Filter>源文件</Filter>
    </ClCompile>
    <ClCompile Include="..\..\src\main\internal\serial\serial.cc">
      <Filter>源文件</Filter>
    </ClCompile>
    <ClCompile Include="..\..\src\main\internal\serial\unix.cc">
      <Filter>源文件</Filter>
    </ClCompile>
    <ClCompile Include="..\..\src\main\internal\serial\win.cc">
      <Filter>源文件</Filter>
    </ClCompile>
    <ClCompile Include="..\..\src\main\internal\chassis.cc">
      <Filter>源文件</Filter>
    </ClCompile>
    <ClCompile Include="..\..\src\main\internal\odometry_t.cc">
      <Filter>源文件</Filter>
    </ClCompile>
    <ClCompile Include="..\..\src\main\internal\rudder_controller.cc">
      <Filter>源文件</Filter>
    </ClCompile>
    <ClCompile Include="..\..\src\main\pm1_sdk.cpp">
      <Filter>源文件</Filter>
    </ClCompile>
  </ItemGroup>
</Project>