
Microsoft Visual Studio Solution File, Format Version 12.00
# Visual Studio Version 16
VisualStudioVersion = 16.0.28714.193
MinimumVisualStudioVersion = 10.0.40219.1
Project("{8BC9CEB8-8B4A-11D0-8D11-00A0C91BC942}") = "pm1_sdk", "pm1_sdk.vcxproj", "{075CBAD0-8D2D-40FC-B482-0CBADB81FE6E}"
EndProject
Global
	GlobalSection(SolutionConfigurationPlatforms) = preSolution
		Debug|x64 = Debug|x64
		Debug|x86 = Debug|x86
		Release|x64 = Release|x64
		Release|x86 = Release|x86
	EndGlobalSection
	GlobalSection(ProjectConfigurationPlatforms) = postSolution
		{075CBAD0-8D2D-40FC-B482-0CBADB81FE6E}.Debug|x64.ActiveCfg = Debug|x64
		{075CBAD0-8D2D-40FC-B482-0CBADB81FE6E}.Debug|x64.Build.0 = Debug|x64
		{075CBAD0-8D2D-40FC-B482-0CBADB81FE6E}.Debug|x86.ActiveCfg = Debug|Win32
		{075CBAD0-8D2D-40FC-B482-0CBADB81FE6E}.Debug|x86.Build.0 = Debug|Win32
		{075CBAD0-8D2D-40FC-B482-0CBADB81FE6E}.Release|x64.ActiveCfg = Release|x64
		{075CBAD0-8D2D-40FC-B482-0CBADB81FE6E}.Release|x64.Build.0 = Release|x64
		{075CBAD0-8D2D-40FC-B482-0CBADB81FE6E}.Release|x86.ActiveCfg = Release|Win32
		{075CBAD0-8D2D-40FC-B482-0CBADB81FE6E}.Release|x86.Build.0 = Release|Win32
	EndGlobalSection
	GlobalSection(SolutionProperties) = preSolution
		HideSolutionNode = FALSE
	EndGlobalSection
	GlobalSection(ExtensibilityGlobals) = postSolution
		SolutionGuid = {AB449347-BF67-4559-AFE9-88D3CCF0EB4D}
	EndGlobalSection
EndGlobal
